// !$*UTF8*$!
{
	archiveVersion = 1;
	classes = {
	};
	objectVersion = 46;
	objects = {

/* Begin PBXBuildFile section */
		D02863BD1E488F4600E15EE7 /* RNZipArchive.m in Sources */ = {isa = PBXBuildFile; fileRef = D02863981E488F4600E15EE7 /* RNZipArchive.m */; };
		D02863BE1E488F4600E15EE7 /* aescrypt.c in Sources */ = {isa = PBXBuildFile; fileRef = D028639D1E488F4600E15EE7 /* aescrypt.c */; };
		D02863BF1E488F4600E15EE7 /* aeskey.c in Sources */ = {isa = PBXBuildFile; fileRef = D028639E1E488F4600E15EE7 /* aeskey.c */; };
		D02863C01E488F4600E15EE7 /* aestab.c in Sources */ = {isa = PBXBuildFile; fileRef = D02863A01E488F4600E15EE7 /* aestab.c */; };
		D02863C11E488F4600E15EE7 /* entropy.c in Sources */ = {isa = PBXBuildFile; fileRef = D02863A41E488F4600E15EE7 /* entropy.c */; };
		D02863C21E488F4600E15EE7 /* fileenc.c in Sources */ = {isa = PBXBuildFile; fileRef = D02863A61E488F4600E15EE7 /* fileenc.c */; };
		D02863C31E488F4600E15EE7 /* hmac.c in Sources */ = {isa = PBXBuildFile; fileRef = D02863A81E488F4600E15EE7 /* hmac.c */; };
		D02863C41E488F4600E15EE7 /* prng.c in Sources */ = {isa = PBXBuildFile; fileRef = D02863AA1E488F4600E15EE7 /* prng.c */; };
		D02863C51E488F4600E15EE7 /* pwd2key.c in Sources */ = {isa = PBXBuildFile; fileRef = D02863AC1E488F4600E15EE7 /* pwd2key.c */; };
		D02863C61E488F4600E15EE7 /* sha1.c in Sources */ = {isa = PBXBuildFile; fileRef = D02863AE1E488F4600E15EE7 /* sha1.c */; };
		D02863C71E488F4600E15EE7 /* ioapi.c in Sources */ = {isa = PBXBuildFile; fileRef = D02863B21E488F4600E15EE7 /* ioapi.c */; };
		D02863C81E488F4600E15EE7 /* mztools.c in Sources */ = {isa = PBXBuildFile; fileRef = D02863B41E488F4600E15EE7 /* mztools.c */; };
		D02863C91E488F4600E15EE7 /* unzip.c in Sources */ = {isa = PBXBuildFile; fileRef = D02863B61E488F4600E15EE7 /* unzip.c */; };
		D02863CA1E488F4600E15EE7 /* zip.c in Sources */ = {isa = PBXBuildFile; fileRef = D02863B81E488F4600E15EE7 /* zip.c */; };
		D02863CB1E488F4600E15EE7 /* RNZASSZipArchive.m in Sources */ = {isa = PBXBuildFile; fileRef = D02863BB1E488F4600E15EE7 /* RNZASSZipArchive.m */; };
/* End PBXBuildFile section */

/* Begin PBXCopyFilesBuildPhase section */
		D061F2281E4887C4000350B4 /* CopyFiles */ = {
			isa = PBXCopyFilesBuildPhase;
			buildActionMask = 2147483647;
			dstPath = "include/$(PRODUCT_NAME)";
			dstSubfolderSpec = 16;
			files = (
			);
			runOnlyForDeploymentPostprocessing = 0;
		};
/* End PBXCopyFilesBuildPhase section */

/* Begin PBXFileReference section */
		D02863971E488F4600E15EE7 /* RNZipArchive.h */ = {isa = PBXFileReference; fileEncoding = 4; lastKnownFileType = sourcecode.c.h; path = RNZipArchive.h; sourceTree = "<group>"; };
		D02863981E488F4600E15EE7 /* RNZipArchive.m */ = {isa = PBXFileReference; fileEncoding = 4; lastKnownFileType = sourcecode.c.objc; path = RNZipArchive.m; sourceTree = "<group>"; };
		D028639B1E488F4600E15EE7 /* aes.h */ = {isa = PBXFileReference; fileEncoding = 4; lastKnownFileType = sourcecode.c.h; path = aes.h; sourceTree = "<group>"; };
		D028639C1E488F4600E15EE7 /* aes_via_ace.h */ = {isa = PBXFileReference; fileEncoding = 4; lastKnownFileType = sourcecode.c.h; path = aes_via_ace.h; sourceTree = "<group>"; };
		D028639D1E488F4600E15EE7 /* aescrypt.c */ = {isa = PBXFileReference; fileEncoding = 4; lastKnownFileType = sourcecode.c.c; path = aescrypt.c; sourceTree = "<group>"; };
		D028639E1E488F4600E15EE7 /* aeskey.c */ = {isa = PBXFileReference; fileEncoding = 4; lastKnownFileType = sourcecode.c.c; path = aeskey.c; sourceTree = "<group>"; };
		D028639F1E488F4600E15EE7 /* aesopt.h */ = {isa = PBXFileReference; fileEncoding = 4; lastKnownFileType = sourcecode.c.h; path = aesopt.h; sourceTree = "<group>"; };
		D02863A01E488F4600E15EE7 /* aestab.c */ = {isa = PBXFileReference; fileEncoding = 4; lastKnownFileType = sourcecode.c.c; path = aestab.c; sourceTree = "<group>"; };
		D02863A11E488F4600E15EE7 /* aestab.h */ = {isa = PBXFileReference; fileEncoding = 4; lastKnownFileType = sourcecode.c.h; path = aestab.h; sourceTree = "<group>"; };
		D02863A21E488F4600E15EE7 /* brg_endian.h */ = {isa = PBXFileReference; fileEncoding = 4; lastKnownFileType = sourcecode.c.h; path = brg_endian.h; sourceTree = "<group>"; };
		D02863A31E488F4600E15EE7 /* brg_types.h */ = {isa = PBXFileReference; fileEncoding = 4; lastKnownFileType = sourcecode.c.h; path = brg_types.h; sourceTree = "<group>"; };
		D02863A41E488F4600E15EE7 /* entropy.c */ = {isa = PBXFileReference; fileEncoding = 4; lastKnownFileType = sourcecode.c.c; path = entropy.c; sourceTree = "<group>"; };
		D02863A51E488F4600E15EE7 /* entropy.h */ = {isa = PBXFileReference; fileEncoding = 4; lastKnownFileType = sourcecode.c.h; path = entropy.h; sourceTree = "<group>"; };
		D02863A61E488F4600E15EE7 /* fileenc.c */ = {isa = PBXFileReference; fileEncoding = 4; lastKnownFileType = sourcecode.c.c; path = fileenc.c; sourceTree = "<group>"; };
		D02863A71E488F4600E15EE7 /* fileenc.h */ = {isa = PBXFileReference; fileEncoding = 4; lastKnownFileType = sourcecode.c.h; path = fileenc.h; sourceTree = "<group>"; };
		D02863A81E488F4600E15EE7 /* hmac.c */ = {isa = PBXFileReference; fileEncoding = 4; lastKnownFileType = sourcecode.c.c; path = hmac.c; sourceTree = "<group>"; };
		D02863A91E488F4600E15EE7 /* hmac.h */ = {isa = PBXFileReference; fileEncoding = 4; lastKnownFileType = sourcecode.c.h; path = hmac.h; sourceTree = "<group>"; };
		D02863AA1E488F4600E15EE7 /* prng.c */ = {isa = PBXFileReference; fileEncoding = 4; lastKnownFileType = sourcecode.c.c; path = prng.c; sourceTree = "<group>"; };
		D02863AB1E488F4600E15EE7 /* prng.h */ = {isa = PBXFileReference; fileEncoding = 4; lastKnownFileType = sourcecode.c.h; path = prng.h; sourceTree = "<group>"; };
		D02863AC1E488F4600E15EE7 /* pwd2key.c */ = {isa = PBXFileReference; fileEncoding = 4; lastKnownFileType = sourcecode.c.c; path = pwd2key.c; sourceTree = "<group>"; };
		D02863AD1E488F4600E15EE7 /* pwd2key.h */ = {isa = PBXFileReference; fileEncoding = 4; lastKnownFileType = sourcecode.c.h; path = pwd2key.h; sourceTree = "<group>"; };
		D02863AE1E488F4600E15EE7 /* sha1.c */ = {isa = PBXFileReference; fileEncoding = 4; lastKnownFileType = sourcecode.c.c; path = sha1.c; sourceTree = "<group>"; };
		D02863AF1E488F4600E15EE7 /* sha1.h */ = {isa = PBXFileReference; fileEncoding = 4; lastKnownFileType = sourcecode.c.h; path = sha1.h; sourceTree = "<group>"; };
		D02863B11E488F4600E15EE7 /* crypt.h */ = {isa = PBXFileReference; fileEncoding = 4; lastKnownFileType = sourcecode.c.h; path = crypt.h; sourceTree = "<group>"; };
		D02863B21E488F4600E15EE7 /* ioapi.c */ = {isa = PBXFileReference; fileEncoding = 4; lastKnownFileType = sourcecode.c.c; path = ioapi.c; sourceTree = "<group>"; };
		D02863B31E488F4600E15EE7 /* ioapi.h */ = {isa = PBXFileReference; fileEncoding = 4; lastKnownFileType = sourcecode.c.h; path = ioapi.h; sourceTree = "<group>"; };
		D02863B41E488F4600E15EE7 /* mztools.c */ = {isa = PBXFileReference; fileEncoding = 4; lastKnownFileType = sourcecode.c.c; path = mztools.c; sourceTree = "<group>"; };
		D02863B51E488F4600E15EE7 /* mztools.h */ = {isa = PBXFileReference; fileEncoding = 4; lastKnownFileType = sourcecode.c.h; path = mztools.h; sourceTree = "<group>"; };
		D02863B61E488F4600E15EE7 /* unzip.c */ = {isa = PBXFileReference; fileEncoding = 4; lastKnownFileType = sourcecode.c.c; path = unzip.c; sourceTree = "<group>"; };
		D02863B71E488F4600E15EE7 /* unzip.h */ = {isa = PBXFileReference; fileEncoding = 4; lastKnownFileType = sourcecode.c.h; path = unzip.h; sourceTree = "<group>"; };
		D02863B81E488F4600E15EE7 /* zip.c */ = {isa = PBXFileReference; fileEncoding = 4; lastKnownFileType = sourcecode.c.c; path = zip.c; sourceTree = "<group>"; };
		D02863B91E488F4600E15EE7 /* zip.h */ = {isa = PBXFileReference; fileEncoding = 4; lastKnownFileType = sourcecode.c.h; path = zip.h; sourceTree = "<group>"; };
		D02863BA1E488F4600E15EE7 /* RNZASSZipArchive.h */ = {isa = PBXFileReference; fileEncoding = 4; lastKnownFileType = sourcecode.c.h; path = RNZASSZipArchive.h; sourceTree = "<group>"; };
		D02863BB1E488F4600E15EE7 /* RNZASSZipArchive.m */ = {isa = PBXFileReference; fileEncoding = 4; lastKnownFileType = sourcecode.c.objc; path = RNZASSZipArchive.m; sourceTree = "<group>"; };
		D02863BC1E488F4600E15EE7 /* RNZASSZipCommon.h */ = {isa = PBXFileReference; fileEncoding = 4; lastKnownFileType = sourcecode.c.h; path = RNZASSZipCommon.h; sourceTree = "<group>"; };
		D061F22A1E4887C4000350B4 /* libRNZipArchive.a */ = {isa = PBXFileReference; explicitFileType = archive.ar; includeInIndex = 0; path = libRNZipArchive.a; sourceTree = BUILT_PRODUCTS_DIR; };
/* End PBXFileReference section */

/* Begin PBXFrameworksBuildPhase section */
		D061F2271E4887C4000350B4 /* Frameworks */ = {
			isa = PBXFrameworksBuildPhase;
			buildActionMask = 2147483647;
			files = (
			);
			runOnlyForDeploymentPostprocessing = 0;
		};
/* End PBXFrameworksBuildPhase section */

/* Begin PBXGroup section */
		D02863991E488F4600E15EE7 /* SSZipArchive */ = {
			isa = PBXGroup;
			children = (
				D028639A1E488F4600E15EE7 /* aes */,
				D02863B01E488F4600E15EE7 /* minizip */,
				D02863BA1E488F4600E15EE7 /* RNZASSZipArchive.h */,
				D02863BB1E488F4600E15EE7 /* RNZASSZipArchive.m */,
				D02863BC1E488F4600E15EE7 /* RNZASSZipCommon.h */,
			);
			path = SSZipArchive;
			sourceTree = "<group>";
		};
		D028639A1E488F4600E15EE7 /* aes */ = {
			isa = PBXGroup;
			children = (
				D028639B1E488F4600E15EE7 /* aes.h */,
				D028639C1E488F4600E15EE7 /* aes_via_ace.h */,
				D028639D1E488F4600E15EE7 /* aescrypt.c */,
				D028639E1E488F4600E15EE7 /* aeskey.c */,
				D028639F1E488F4600E15EE7 /* aesopt.h */,
				D02863A01E488F4600E15EE7 /* aestab.c */,
				D02863A11E488F4600E15EE7 /* aestab.h */,
				D02863A21E488F4600E15EE7 /* brg_endian.h */,
				D02863A31E488F4600E15EE7 /* brg_types.h */,
				D02863A41E488F4600E15EE7 /* entropy.c */,
				D02863A51E488F4600E15EE7 /* entropy.h */,
				D02863A61E488F4600E15EE7 /* fileenc.c */,
				D02863A71E488F4600E15EE7 /* fileenc.h */,
				D02863A81E488F4600E15EE7 /* hmac.c */,
				D02863A91E488F4600E15EE7 /* hmac.h */,
				D02863AA1E488F4600E15EE7 /* prng.c */,
				D02863AB1E488F4600E15EE7 /* prng.h */,
				D02863AC1E488F4600E15EE7 /* pwd2key.c */,
				D02863AD1E488F4600E15EE7 /* pwd2key.h */,
				D02863AE1E488F4600E15EE7 /* sha1.c */,
				D02863AF1E488F4600E15EE7 /* sha1.h */,
			);
			path = aes;
			sourceTree = "<group>";
		};
		D02863B01E488F4600E15EE7 /* minizip */ = {
			isa = PBXGroup;
			children = (
				D02863B11E488F4600E15EE7 /* crypt.h */,
				D02863B21E488F4600E15EE7 /* ioapi.c */,
				D02863B31E488F4600E15EE7 /* ioapi.h */,
				D02863B41E488F4600E15EE7 /* mztools.c */,
				D02863B51E488F4600E15EE7 /* mztools.h */,
				D02863B61E488F4600E15EE7 /* unzip.c */,
				D02863B71E488F4600E15EE7 /* unzip.h */,
				D02863B81E488F4600E15EE7 /* zip.c */,
				D02863B91E488F4600E15EE7 /* zip.h */,
			);
			path = minizip;
			sourceTree = "<group>";
		};
		D061F2211E4887C4000350B4 = {
			isa = PBXGroup;
			children = (
				D02863971E488F4600E15EE7 /* RNZipArchive.h */,
				D02863981E488F4600E15EE7 /* RNZipArchive.m */,
				D02863991E488F4600E15EE7 /* SSZipArchive */,
				D061F22B1E4887C4000350B4 /* Products */,
			);
			sourceTree = "<group>";
		};
		D061F22B1E4887C4000350B4 /* Products */ = {
			isa = PBXGroup;
			children = (
				D061F22A1E4887C4000350B4 /* libRNZipArchive.a */,
			);
			name = Products;
			sourceTree = "<group>";
		};
/* End PBXGroup section */

/* Begin PBXNativeTarget section */
		D061F2291E4887C4000350B4 /* RNZipArchive */ = {
			isa = PBXNativeTarget;
			buildConfigurationList = D061F2331E4887C5000350B4 /* Build configuration list for PBXNativeTarget "RNZipArchive" */;
			buildPhases = (
				D061F2261E4887C4000350B4 /* Sources */,
				D061F2271E4887C4000350B4 /* Frameworks */,
				D061F2281E4887C4000350B4 /* CopyFiles */,
			);
			buildRules = (
			);
			dependencies = (
			);
			name = RNZipArchive;
			productName = RNZipArchive;
			productReference = D061F22A1E4887C4000350B4 /* libRNZipArchive.a */;
			productType = "com.apple.product-type.library.static";
		};
/* End PBXNativeTarget section */

/* Begin PBXProject section */
		D061F2221E4887C4000350B4 /* Project object */ = {
			isa = PBXProject;
			attributes = {
				LastUpgradeCheck = 0920;
				ORGANIZATIONNAME = plrthink;
				TargetAttributes = {
					D061F2291E4887C4000350B4 = {
						CreatedOnToolsVersion = 8.2.1;
						ProvisioningStyle = Automatic;
					};
				};
			};
			buildConfigurationList = D061F2251E4887C4000350B4 /* Build configuration list for PBXProject "RNZipArchive" */;
			compatibilityVersion = "Xcode 3.2";
			developmentRegion = English;
			hasScannedForEncodings = 0;
			knownRegions = (
				en,
			);
			mainGroup = D061F2211E4887C4000350B4;
			productRefGroup = D061F22B1E4887C4000350B4 /* Products */;
			projectDirPath = "";
			projectRoot = "";
			targets = (
				D061F2291E4887C4000350B4 /* RNZipArchive */,
			);
		};
/* End PBXProject section */

/* Begin PBXSourcesBuildPhase section */
		D061F2261E4887C4000350B4 /* Sources */ = {
			isa = PBXSourcesBuildPhase;
			buildActionMask = 2147483647;
			files = (
				D02863C61E488F4600E15EE7 /* sha1.c in Sources */,
				D02863C21E488F4600E15EE7 /* fileenc.c in Sources */,
				D02863C81E488F4600E15EE7 /* mztools.c in Sources */,
				D02863C31E488F4600E15EE7 /* hmac.c in Sources */,
				D02863C91E488F4600E15EE7 /* unzip.c in Sources */,
				D02863BF1E488F4600E15EE7 /* aeskey.c in Sources */,
				D02863C01E488F4600E15EE7 /* aestab.c in Sources */,
				D02863BE1E488F4600E15EE7 /* aescrypt.c in Sources */,
				D02863C11E488F4600E15EE7 /* entropy.c in Sources */,
				D02863C41E488F4600E15EE7 /* prng.c in Sources */,
				D02863C71E488F4600E15EE7 /* ioapi.c in Sources */,
				D02863CB1E488F4600E15EE7 /* RNZASSZipArchive.m in Sources */,
				D02863CA1E488F4600E15EE7 /* zip.c in Sources */,
				D02863C51E488F4600E15EE7 /* pwd2key.c in Sources */,
				D02863BD1E488F4600E15EE7 /* RNZipArchive.m in Sources */,
			);
			runOnlyForDeploymentPostprocessing = 0;
		};
/* End PBXSourcesBuildPhase section */

/* Begin XCBuildConfiguration section */
		D061F2311E4887C5000350B4 /* Debug */ = {
			isa = XCBuildConfiguration;
			buildSettings = {
				ALWAYS_SEARCH_USER_PATHS = NO;
				CLANG_ANALYZER_NONNULL = YES;
				CLANG_CXX_LANGUAGE_STANDARD = "gnu++0x";
				CLANG_CXX_LIBRARY = "libc++";
				CLANG_ENABLE_MODULES = YES;
				CLANG_ENABLE_OBJC_ARC = YES;
				CLANG_WARN_BLOCK_CAPTURE_AUTORELEASING = YES;
				CLANG_WARN_BOOL_CONVERSION = YES;
				CLANG_WARN_COMMA = YES;
				CLANG_WARN_CONSTANT_CONVERSION = YES;
				CLANG_WARN_DIRECT_OBJC_ISA_USAGE = YES_ERROR;
				CLANG_WARN_DOCUMENTATION_COMMENTS = YES;
				CLANG_WARN_EMPTY_BODY = YES;
				CLANG_WARN_ENUM_CONVERSION = YES;
				CLANG_WARN_INFINITE_RECURSION = YES;
				CLANG_WARN_INT_CONVERSION = YES;
				CLANG_WARN_NON_LITERAL_NULL_CONVERSION = YES;
				CLANG_WARN_OBJC_LITERAL_CONVERSION = YES;
				CLANG_WARN_OBJC_ROOT_CLASS = YES_ERROR;
				CLANG_WARN_RANGE_LOOP_ANALYSIS = YES;
				CLANG_WARN_STRICT_PROTOTYPES = YES;
				CLANG_WARN_SUSPICIOUS_MOVE = YES;
				CLANG_WARN_UNREACHABLE_CODE = YES;
				CLANG_WARN__DUPLICATE_METHOD_MATCH = YES;
				"CODE_SIGN_IDENTITY[sdk=iphoneos*]" = "iPhone Developer";
				COPY_PHASE_STRIP = NO;
				DEBUG_INFORMATION_FORMAT = dwarf;
				ENABLE_STRICT_OBJC_MSGSEND = YES;
				ENABLE_TESTABILITY = YES;
				GCC_C_LANGUAGE_STANDARD = gnu99;
				GCC_DYNAMIC_NO_PIC = NO;
				GCC_NO_COMMON_BLOCKS = YES;
				GCC_OPTIMIZATION_LEVEL = 0;
				GCC_PREPROCESSOR_DEFINITIONS = (
					"DEBUG=1",
					"$(inherited)",
				);
				GCC_WARN_64_TO_32_BIT_CONVERSION = YES;
				GCC_WARN_ABOUT_RETURN_TYPE = YES_ERROR;
				GCC_WARN_UNDECLARED_SELECTOR = YES;
				GCC_WARN_UNINITIALIZED_AUTOS = YES_AGGRESSIVE;
				GCC_WARN_UNUSED_FUNCTION = YES;
				GCC_WARN_UNUSED_VARIABLE = YES;
				HEADER_SEARCH_PATHS = (
					"$(inherited)",
					"$(SRCROOT)/../../react-native/React/**",
					"../../../ios/Pods/Headers/Public/**",
				);
				IPHONEOS_DEPLOYMENT_TARGET = 8.0;
				MTL_ENABLE_DEBUG_INFO = YES;
				ONLY_ACTIVE_ARCH = YES;
				SDKROOT = iphoneos;
			};
			name = Debug;
		};
		D061F2321E4887C5000350B4 /* Release */ = {
			isa = XCBuildConfiguration;
			buildSettings = {
				ALWAYS_SEARCH_USER_PATHS = NO;
				CLANG_ANALYZER_NONNULL = YES;
				CLANG_CXX_LANGUAGE_STANDARD = "gnu++0x";
				CLANG_CXX_LIBRARY = "libc++";
				CLANG_ENABLE_MODULES = YES;
				CLANG_ENABLE_OBJC_ARC = YES;
				CLANG_WARN_BLOCK_CAPTURE_AUTORELEASING = YES;
				CLANG_WARN_BOOL_CONVERSION = YES;
				CLANG_WARN_COMMA = YES;
				CLANG_WARN_CONSTANT_CONVERSION = YES;
				CLANG_WARN_DIRECT_OBJC_ISA_USAGE = YES_ERROR;
				CLANG_WARN_DOCUMENTATION_COMMENTS = YES;
				CLANG_WARN_EMPTY_BODY = YES;
				CLANG_WARN_ENUM_CONVERSION = YES;
				CLANG_WARN_INFINITE_RECURSION = YES;
				CLANG_WARN_INT_CONVERSION = YES;
				CLANG_WARN_NON_LITERAL_NULL_CONVERSION = YES;
				CLANG_WARN_OBJC_LITERAL_CONVERSION = YES;
				CLANG_WARN_OBJC_ROOT_CLASS = YES_ERROR;
				CLANG_WARN_RANGE_LOOP_ANALYSIS = YES;
				CLANG_WARN_STRICT_PROTOTYPES = YES;
				CLANG_WARN_SUSPICIOUS_MOVE = YES;
				CLANG_WARN_UNREACHABLE_CODE = YES;
				CLANG_WARN__DUPLICATE_METHOD_MATCH = YES;
				"CODE_SIGN_IDENTITY[sdk=iphoneos*]" = "iPhone Developer";
				COPY_PHASE_STRIP = NO;
				DEBUG_INFORMATION_FORMAT = "dwarf-with-dsym";
				ENABLE_NS_ASSERTIONS = NO;
				ENABLE_STRICT_OBJC_MSGSEND = YES;
				GCC_C_LANGUAGE_STANDARD = gnu99;
				GCC_NO_COMMON_BLOCKS = YES;
				GCC_WARN_64_TO_32_BIT_CONVERSION = YES;
				GCC_WARN_ABOUT_RETURN_TYPE = YES_ERROR;
				GCC_WARN_UNDECLARED_SELECTOR = YES;
				GCC_WARN_UNINITIALIZED_AUTOS = YES_AGGRESSIVE;
				GCC_WARN_UNUSED_FUNCTION = YES;
				GCC_WARN_UNUSED_VARIABLE = YES;
				HEADER_SEARCH_PATHS = (
					"$(inherited)",
					"$(SRCROOT)/../../react-native/React/**",
					"../../../ios/Pods/Headers/Public/**",
				);
				IPHONEOS_DEPLOYMENT_TARGET = 8.0;
				MTL_ENABLE_DEBUG_INFO = NO;
				SDKROOT = iphoneos;
				VALIDATE_PRODUCT = YES;
			};
			name = Release;
		};
		D061F2341E4887C5000350B4 /* Debug */ = {
			isa = XCBuildConfiguration;
			buildSettings = {
				HEADER_SEARCH_PATHS = (
					"$(inherited)",
					"$(SRCROOT)/../../react-native/React/**",
				);
				OTHER_LDFLAGS = "-ObjC";
				PRODUCT_NAME = "$(TARGET_NAME)";
				SKIP_INSTALL = YES;
			};
			name = Debug;
		};
		D061F2351E4887C5000350B4 /* Release */ = {
			isa = XCBuildConfiguration;
			buildSettings = {
				HEADER_SEARCH_PATHS = (
					"$(inherited)",
					"$(SRCROOT)/../../react-native/React/**",
				);
				OTHER_LDFLAGS = "-ObjC";
				PRODUCT_NAME = "$(TARGET_NAME)";
				SKIP_INSTALL = YES;
			};
			name = Release;
		};
/* End XCBuildConfiguration section */

/* Begin XCConfigurationList section */
		D061F2251E4887C4000350B4 /* Build configuration list for PBXProject "RNZipArchive" */ = {
			isa = XCConfigurationList;
			buildConfigurations = (
				D061F2311E4887C5000350B4 /* Debug */,
				D061F2321E4887C5000350B4 /* Release */,
			);
			defaultConfigurationIsVisible = 0;
			defaultConfigurationName = Release;
		};
		D061F2331E4887C5000350B4 /* Build configuration list for PBXNativeTarget "RNZipArchive" */ = {
			isa = XCConfigurationList;
			buildConfigurations = (
				D061F2341E4887C5000350B4 /* Debug */,
				D061F2351E4887C5000350B4 /* Release */,
			);
			defaultConfigurationIsVisible = 0;
			defaultConfigurationName = Release;
		};
/* End XCConfigurationList section */
	};
	rootObject = D061F2221E4887C4000350B4 /* Project object */;
}
